
Microsoft Visual Studio Solution File, Format Version 12.00
# Visual Studio 15
VisualStudioVersion = 15.0.26403.3
MinimumVisualStudioVersion = 10.0.40219.1
Project("{FAE04EC0-301F-11D3-BF4B-00C04F79EFBC}") = "Bank", "Bank\Bank.csproj", "{C4BC1E75-E0E7-4AA9-B7EB-13478494B1A8}"
EndProject
Project("{FAE04EC0-301F-11D3-BF4B-00C04F79EFBC}") = "BankTest", "BankTest\BankTest.csproj", "{86F736E7-FB25-4507-B965-5C83E5DFA484}"
EndProject
Global
	GlobalSection(SolutionConfigurationPlatforms) = preSolution
		Debug|Any CPU = Debug|Any CPU
		Release|Any CPU = Release|Any CPU
	EndGlobalSection
	GlobalSection(ProjectConfigurationPlatforms) = postSolution
		{C4BC1E75-E0E7-4AA9-B7EB-13478494B1A8}.Debug|Any CPU.ActiveCfg = Debug|Any CPU
		{C4BC1E75-E0E7-4AA9-B7EB-13478494B1A8}.Debug|Any CPU.Build.0 = Debug|Any CPU
		{C4BC1E75-E0E7-4AA9-B7EB-13478494B1A8}.Release|Any CPU.ActiveCfg = Release|Any CPU
		{C4BC1E75-E0E7-4AA9-B7EB-13478494B1A8}.Release|Any CPU.Build.0 = Release|Any CPU
		{86F736E7-FB25-4507-B965-5C83E5DFA484}.Debug|Any CPU.ActiveCfg = Debug|Any CPU
		{86F736E7-FB25-4507-B965-5C83E5DFA484}.Debug|Any CPU.Build.0 = Debug|Any CPU
		{86F736E7-FB25-4507-B965-5C83E5DFA484}.Release|Any CPU.ActiveCfg = Release|Any CPU
		{86F736E7-FB25-4507-B965-5C83E5DFA484}.Release|Any CPU.Build.0 = Release|Any CPU
	EndGlobalSection
	GlobalSection(SolutionProperties) = preSolution
		HideSolutionNode = FALSE
	EndGlobalSection
EndGlobal
